// !$*UTF8*$!
{
	archiveVersion = 1;
	classes = {
	};
	objectVersion = 56;
	objects = {

/* Begin PBXBuildFile section */
		04046CBF2E2914E900E9A691 /* LeftAlignedCollectionViewFlowLayout.swift in Sources */ = {isa = PBXBuildFile; fileRef = 04046CBD2E2914E900E9A691 /* LeftAlignedCollectionViewFlowLayout.swift */; };
		04046CC02E2914E900E9A691 /* TagCell.swift in Sources */ = {isa = PBXBuildFile; fileRef = 04046CBE2E2914E900E9A691 /* TagCell.swift */; };
		04046CC12E29452D00E9A691 /* SnapKit-Dynamic in Embed Frameworks */ = {isa = PBXBuildFile; productRef = 044B59D82E27FAB00008FD0E /* SnapKit-Dynamic */; settings = {ATTRIBUTES = (CodeSignOnCopy, ); }; };
		044B59D72E27FAB00008FD0E /* SnapKit in Frameworks */ = {isa = PBXBuildFile; productRef = 044B59D62E27FAB00008FD0E /* SnapKit */; };
		044B59D92E27FAB00008FD0E /* SnapKit-Dynamic in Frameworks */ = {isa = PBXBuildFile; productRef = 044B59D82E27FAB00008FD0E /* SnapKit-Dynamic */; };
		0457556C2E282153008FADDF /* Stock.swift in Sources */ = {isa = PBXBuildFile; fileRef = 045755662E282153008FADDF /* Stock.swift */; };
		0457556E2E282153008FADDF /* SearchViewController.swift in Sources */ = {isa = PBXBuildFile; fileRef = 045755692E282153008FADDF /* SearchViewController.swift */; };
		0457556F2E282153008FADDF /* MainViewController.swift in Sources */ = {isa = PBXBuildFile; fileRef = 0457556A2E282153008FADDF /* MainViewController.swift */; };
		045755702E282153008FADDF /* StockTableViewCell.swift in Sources */ = {isa = PBXBuildFile; fileRef = 0457556B2E282153008FADDF /* StockTableViewCell.swift */; };
		045755742E282204008FADDF /* StockService.swift in Sources */ = {isa = PBXBuildFile; fileRef = 045755722E282204008FADDF /* StockService.swift */; };
		045755752E282204008FADDF /* FavoritesManager.swift in Sources */ = {isa = PBXBuildFile; fileRef = 045755732E282204008FADDF /* FavoritesManager.swift */; };
		046988AA2E28351D003BCDD0 /* InvestFlowApp.swift in Sources */ = {isa = PBXBuildFile; fileRef = 046988A92E28351C003BCDD0 /* InvestFlowApp.swift */; };
		046988AF2E284A31003BCDD0 /* SearchBarView.swift in Sources */ = {isa = PBXBuildFile; fileRef = 046988AE2E284A31003BCDD0 /* SearchBarView.swift */; };
		046988B12E284CFD003BCDD0 /* Media.xcassets in Resources */ = {isa = PBXBuildFile; fileRef = 046988B02E284CFD003BCDD0 /* Media.xcassets */; };
/* End PBXBuildFile section */

/* Begin PBXCopyFilesBuildPhase section */
		04046CC22E29452D00E9A691 /* Embed Frameworks */ = {
			isa = PBXCopyFilesBuildPhase;
			buildActionMask = 2147483647;
			dstPath = "";
			dstSubfolderSpec = 10;
			files = (
				04046CC12E29452D00E9A691 /* SnapKit-Dynamic in Embed Frameworks */,
			);
			name = "Embed Frameworks";
			runOnlyForDeploymentPostprocessing = 0;
		};
/* End PBXCopyFilesBuildPhase section */

/* Begin PBXFileReference section */
		04046CBD2E2914E900E9A691 /* LeftAlignedCollectionViewFlowLayout.swift */ = {isa = PBXFileReference; fileEncoding = 4; lastKnownFileType = sourcecode.swift; path = LeftAlignedCollectionViewFlowLayout.swift; sourceTree = "<group>"; };
		04046CBE2E2914E900E9A691 /* TagCell.swift */ = {isa = PBXFileReference; fileEncoding = 4; lastKnownFileType = sourcecode.swift; path = TagCell.swift; sourceTree = "<group>"; };
		044B59C32E27FA910008FD0E /* InvestFlow.app */ = {isa = PBXFileReference; explicitFileType = wrapper.application; includeInIndex = 0; path = InvestFlow.app; sourceTree = BUILT_PRODUCTS_DIR; };
		045755642E282153008FADDF /* InvestFlow.entitlements */ = {isa = PBXFileReference; fileEncoding = 4; lastKnownFileType = text.plist.entitlements; path = InvestFlow.entitlements; sourceTree = "<group>"; };
		045755662E282153008FADDF /* Stock.swift */ = {isa = PBXFileReference; fileEncoding = 4; lastKnownFileType = sourcecode.swift; path = Stock.swift; sourceTree = "<group>"; };
		045755692E282153008FADDF /* SearchViewController.swift */ = {isa = PBXFileReference; fileEncoding = 4; lastKnownFileType = sourcecode.swift; path = SearchViewController.swift; sourceTree = "<group>"; };
		0457556A2E282153008FADDF /* MainViewController.swift */ = {isa = PBXFileReference; fileEncoding = 4; lastKnownFileType = sourcecode.swift; path = MainViewController.swift; sourceTree = "<group>"; };
		0457556B2E282153008FADDF /* StockTableViewCell.swift */ = {isa = PBXFileReference; fileEncoding = 4; lastKnownFileType = sourcecode.swift; path = StockTableViewCell.swift; sourceTree = "<group>"; };
		045755722E282204008FADDF /* StockService.swift */ = {isa = PBXFileReference; fileEncoding = 4; lastKnownFileType = sourcecode.swift; path = StockService.swift; sourceTree = "<group>"; };
		045755732E282204008FADDF /* FavoritesManager.swift */ = {isa = PBXFileReference; fileEncoding = 4; lastKnownFileType = sourcecode.swift; path = FavoritesManager.swift; sourceTree = "<group>"; };
		046988A92E28351C003BCDD0 /* InvestFlowApp.swift */ = {isa = PBXFileReference; fileEncoding = 4; lastKnownFileType = sourcecode.swift; path = InvestFlowApp.swift; sourceTree = "<group>"; };
		046988AE2E284A31003BCDD0 /* SearchBarView.swift */ = {isa = PBXFileReference; fileEncoding = 4; lastKnownFileType = sourcecode.swift; path = SearchBarView.swift; sourceTree = "<group>"; };
		046988B02E284CFD003BCDD0 /* Media.xcassets */ = {isa = PBXFileReference; lastKnownFileType = folder.assetcatalog; path = Media.xcassets; sourceTree = "<group>"; };
/* End PBXFileReference section */

/* Begin PBXFrameworksBuildPhase section */
		044B59C02E27FA910008FD0E /* Frameworks */ = {
			isa = PBXFrameworksBuildPhase;
			buildActionMask = 2147483647;
			files = (
				044B59D72E27FAB00008FD0E /* SnapKit in Frameworks */,
				044B59D92E27FAB00008FD0E /* SnapKit-Dynamic in Frameworks */,
			);
			runOnlyForDeploymentPostprocessing = 0;
		};
/* End PBXFrameworksBuildPhase section */

/* Begin PBXGroup section */
		044B59BA2E27FA910008FD0E = {
			isa = PBXGroup;
			children = (
				045755632E282153008FADDF /* InvestFlow */,
				044B59C42E27FA910008FD0E /* Products */,
			);
			sourceTree = "<group>";
		};
		044B59C42E27FA910008FD0E /* Products */ = {
			isa = PBXGroup;
			children = (
				044B59C32E27FA910008FD0E /* InvestFlow.app */,
			);
			name = Products;
			sourceTree = "<group>";
		};
		045755632E282153008FADDF /* InvestFlow */ = {
			isa = PBXGroup;
			children = (
				046988A92E28351C003BCDD0 /* InvestFlowApp.swift */,
				045755712E282204008FADDF /* Services */,
				045755642E282153008FADDF /* InvestFlow.entitlements */,
				045755652E282153008FADDF /* Models */,
				045755682E282153008FADDF /* Views */,
				046988B02E284CFD003BCDD0 /* Media.xcassets */,
			);
			path = InvestFlow;
			sourceTree = "<group>";
		};
		045755652E282153008FADDF /* Models */ = {
			isa = PBXGroup;
			children = (
				045755662E282153008FADDF /* Stock.swift */,
			);
			path = Models;
			sourceTree = "<group>";
		};
		045755682E282153008FADDF /* Views */ = {
			isa = PBXGroup;
			children = (
				04046CBD2E2914E900E9A691 /* LeftAlignedCollectionViewFlowLayout.swift */,
				04046CBE2E2914E900E9A691 /* TagCell.swift */,
				046988AE2E284A31003BCDD0 /* SearchBarView.swift */,
				045755692E282153008FADDF /* SearchViewController.swift */,
				0457556A2E282153008FADDF /* MainViewController.swift */,
				0457556B2E282153008FADDF /* StockTableViewCell.swift */,
			);
			path = Views;
			sourceTree = "<group>";
		};
		045755712E282204008FADDF /* Services */ = {
			isa = PBXGroup;
			children = (
				045755722E282204008FADDF /* StockService.swift */,
				045755732E282204008FADDF /* FavoritesManager.swift */,
			);
			path = Services;
			sourceTree = "<group>";
		};
/* End PBXGroup section */

/* Begin PBXNativeTarget section */
		044B59C22E27FA910008FD0E /* InvestFlow */ = {
			isa = PBXNativeTarget;
			buildConfigurationList = 044B59D22E27FA920008FD0E /* Build configuration list for PBXNativeTarget "InvestFlow" */;
			buildPhases = (
				044B59BF2E27FA910008FD0E /* Sources */,
				044B59C02E27FA910008FD0E /* Frameworks */,
				044B59C12E27FA910008FD0E /* Resources */,
				04046CC22E29452D00E9A691 /* Embed Frameworks */,
			);
			buildRules = (
			);
			dependencies = (
			);
			name = InvestFlow;
			packageProductDependencies = (
				044B59D62E27FAB00008FD0E /* SnapKit */,
				044B59D82E27FAB00008FD0E /* SnapKit-Dynamic */,
			);
			productName = InvestFlow;
			productReference = 044B59C32E27FA910008FD0E /* InvestFlow.app */;
			productType = "com.apple.product-type.application";
		};
/* End PBXNativeTarget section */

/* Begin PBXProject section */
		044B59BB2E27FA910008FD0E /* Project object */ = {
			isa = PBXProject;
			attributes = {
				BuildIndependentTargetsInParallel = 1;
				LastSwiftUpdateCheck = 1500;
				LastUpgradeCheck = 1500;
				TargetAttributes = {
					044B59C22E27FA910008FD0E = {
						CreatedOnToolsVersion = 15.0;
					};
				};
			};
			buildConfigurationList = 044B59BE2E27FA910008FD0E /* Build configuration list for PBXProject "InvestFlow" */;
			compatibilityVersion = "Xcode 14.0";
			developmentRegion = en;
			hasScannedForEncodings = 0;
			knownRegions = (
				en,
				Base,
			);
			mainGroup = 044B59BA2E27FA910008FD0E;
			packageReferences = (
				044B59D52E27FAB00008FD0E /* XCRemoteSwiftPackageReference "SnapKit" */,
			);
			productRefGroup = 044B59C42E27FA910008FD0E /* Products */;
			projectDirPath = "";
			projectRoot = "";
			targets = (
				044B59C22E27FA910008FD0E /* InvestFlow */,
			);
		};
/* End PBXProject section */

/* Begin PBXResourcesBuildPhase section */
		044B59C12E27FA910008FD0E /* Resources */ = {
			isa = PBXResourcesBuildPhase;
			buildActionMask = 2147483647;
			files = (
				046988B12E284CFD003BCDD0 /* Media.xcassets in Resources */,
			);
			runOnlyForDeploymentPostprocessing = 0;
		};
/* End PBXResourcesBuildPhase section */

/* Begin PBXSourcesBuildPhase section */
		044B59BF2E27FA910008FD0E /* Sources */ = {
			isa = PBXSourcesBuildPhase;
			buildActionMask = 2147483647;
			files = (
				046988AA2E28351D003BCDD0 /* InvestFlowApp.swift in Sources */,
				045755702E282153008FADDF /* StockTableViewCell.swift in Sources */,
				04046CC02E2914E900E9A691 /* TagCell.swift in Sources */,
				0457556E2E282153008FADDF /* SearchViewController.swift in Sources */,
				045755752E282204008FADDF /* FavoritesManager.swift in Sources */,
				046988AF2E284A31003BCDD0 /* SearchBarView.swift in Sources */,
				0457556C2E282153008FADDF /* Stock.swift in Sources */,
				045755742E282204008FADDF /* StockService.swift in Sources */,
				0457556F2E282153008FADDF /* MainViewController.swift in Sources */,
				04046CBF2E2914E900E9A691 /* LeftAlignedCollectionViewFlowLayout.swift in Sources */,
			);
			runOnlyForDeploymentPostprocessing = 0;
		};
/* End PBXSourcesBuildPhase section */

/* Begin XCBuildConfiguration section */
		044B59D02E27FA920008FD0E /* Debug */ = {
			isa = XCBuildConfiguration;
			buildSettings = {
				ALWAYS_SEARCH_USER_PATHS = NO;
				ASSETCATALOG_COMPILER_GENERATE_SWIFT_ASSET_SYMBOL_EXTENSIONS = YES;
				CLANG_ANALYZER_NONNULL = YES;
				CLANG_ANALYZER_NUMBER_OBJECT_CONVERSION = YES_AGGRESSIVE;
				CLANG_CXX_LANGUAGE_STANDARD = "gnu++20";
				CLANG_ENABLE_MODULES = YES;
				CLANG_ENABLE_OBJC_ARC = YES;
				CLANG_ENABLE_OBJC_WEAK = YES;
				CLANG_WARN_BLOCK_CAPTURE_AUTORELEASING = YES;
				CLANG_WARN_BOOL_CONVERSION = YES;
				CLANG_WARN_COMMA = YES;
				CLANG_WARN_CONSTANT_CONVERSION = YES;
				CLANG_WARN_DEPRECATED_OBJC_IMPLEMENTATIONS = YES;
				CLANG_WARN_DIRECT_OBJC_ISA_USAGE = YES_ERROR;
				CLANG_WARN_DOCUMENTATION_COMMENTS = YES;
				CLANG_WARN_EMPTY_BODY = YES;
				CLANG_WARN_ENUM_CONVERSION = YES;
				CLANG_WARN_INFINITE_RECURSION = YES;
				CLANG_WARN_INT_CONVERSION = YES;
				CLANG_WARN_NON_LITERAL_NULL_CONVERSION = YES;
				CLANG_WARN_OBJC_IMPLICIT_RETAIN_SELF = YES;
				CLANG_WARN_OBJC_LITERAL_CONVERSION = YES;
				CLANG_WARN_OBJC_ROOT_CLASS = YES_ERROR;
				CLANG_WARN_QUOTED_INCLUDE_IN_FRAMEWORK_HEADER = YES;
				CLANG_WARN_RANGE_LOOP_ANALYSIS = YES;
				CLANG_WARN_STRICT_PROTOTYPES = YES;
				CLANG_WARN_SUSPICIOUS_MOVE = YES;
				CLANG_WARN_UNGUARDED_AVAILABILITY = YES_AGGRESSIVE;
				CLANG_WARN_UNREACHABLE_CODE = YES;
				CLANG_WARN__DUPLICATE_METHOD_MATCH = YES;
				COPY_PHASE_STRIP = NO;
				DEBUG_INFORMATION_FORMAT = dwarf;
				ENABLE_STRICT_OBJC_MSGSEND = YES;
				ENABLE_TESTABILITY = YES;
				ENABLE_USER_SCRIPT_SANDBOXING = YES;
				GCC_C_LANGUAGE_STANDARD = gnu17;
				GCC_DYNAMIC_NO_PIC = NO;
				GCC_NO_COMMON_BLOCKS = YES;
				GCC_OPTIMIZATION_LEVEL = 0;
				GCC_PREPROCESSOR_DEFINITIONS = (
					"DEBUG=1",
					"$(inherited)",
				);
				GCC_WARN_64_TO_32_BIT_CONVERSION = YES;
				GCC_WARN_ABOUT_RETURN_TYPE = YES_ERROR;
				GCC_WARN_UNDECLARED_SELECTOR = YES;
				GCC_WARN_UNINITIALIZED_AUTOS = YES_AGGRESSIVE;
				GCC_WARN_UNUSED_FUNCTION = YES;
				GCC_WARN_UNUSED_VARIABLE = YES;
				LOCALIZATION_PREFERS_STRING_CATALOGS = YES;
				MTL_ENABLE_DEBUG_INFO = INCLUDE_SOURCE;
				MTL_FAST_MATH = YES;
				ONLY_ACTIVE_ARCH = YES;
				SWIFT_ACTIVE_COMPILATION_CONDITIONS = "DEBUG $(inherited)";
				SWIFT_OPTIMIZATION_LEVEL = "-Onone";
			};
			name = Debug;
		};
		044B59D12E27FA920008FD0E /* Release */ = {
			isa = XCBuildConfiguration;
			buildSettings = {
				ALWAYS_SEARCH_USER_PATHS = NO;
				ASSETCATALOG_COMPILER_GENERATE_SWIFT_ASSET_SYMBOL_EXTENSIONS = YES;
				CLANG_ANALYZER_NONNULL = YES;
				CLANG_ANALYZER_NUMBER_OBJECT_CONVERSION = YES_AGGRESSIVE;
				CLANG_CXX_LANGUAGE_STANDARD = "gnu++20";
				CLANG_ENABLE_MODULES = YES;
				CLANG_ENABLE_OBJC_ARC = YES;
				CLANG_ENABLE_OBJC_WEAK = YES;
				CLANG_WARN_BLOCK_CAPTURE_AUTORELEASING = YES;
				CLANG_WARN_BOOL_CONVERSION = YES;
				CLANG_WARN_COMMA = YES;
				CLANG_WARN_CONSTANT_CONVERSION = YES;
				CLANG_WARN_DEPRECATED_OBJC_IMPLEMENTATIONS = YES;
				CLANG_WARN_DIRECT_OBJC_ISA_USAGE = YES_ERROR;
				CLANG_WARN_DOCUMENTATION_COMMENTS = YES;
				CLANG_WARN_EMPTY_BODY = YES;
				CLANG_WARN_ENUM_CONVERSION = YES;
				CLANG_WARN_INFINITE_RECURSION = YES;
				CLANG_WARN_INT_CONVERSION = YES;
				CLANG_WARN_NON_LITERAL_NULL_CONVERSION = YES;
				CLANG_WARN_OBJC_IMPLICIT_RETAIN_SELF = YES;
				CLANG_WARN_OBJC_LITERAL_CONVERSION = YES;
				CLANG_WARN_OBJC_ROOT_CLASS = YES_ERROR;
				CLANG_WARN_QUOTED_INCLUDE_IN_FRAMEWORK_HEADER = YES;
				CLANG_WARN_RANGE_LOOP_ANALYSIS = YES;
				CLANG_WARN_STRICT_PROTOTYPES = YES;
				CLANG_WARN_SUSPICIOUS_MOVE = YES;
				CLANG_WARN_UNGUARDED_AVAILABILITY = YES_AGGRESSIVE;
				CLANG_WARN_UNREACHABLE_CODE = YES;
				CLANG_WARN__DUPLICATE_METHOD_MATCH = YES;
				COPY_PHASE_STRIP = NO;
				DEBUG_INFORMATION_FORMAT = "dwarf-with-dsym";
				ENABLE_NS_ASSERTIONS = NO;
				ENABLE_STRICT_OBJC_MSGSEND = YES;
				ENABLE_USER_SCRIPT_SANDBOXING = YES;
				GCC_C_LANGUAGE_STANDARD = gnu17;
				GCC_NO_COMMON_BLOCKS = YES;
				GCC_WARN_64_TO_32_BIT_CONVERSION = YES;
				GCC_WARN_ABOUT_RETURN_TYPE = YES_ERROR;
				GCC_WARN_UNDECLARED_SELECTOR = YES;
				GCC_WARN_UNINITIALIZED_AUTOS = YES_AGGRESSIVE;
				GCC_WARN_UNUSED_FUNCTION = YES;
				GCC_WARN_UNUSED_VARIABLE = YES;
				LOCALIZATION_PREFERS_STRING_CATALOGS = YES;
				MTL_ENABLE_DEBUG_INFO = NO;
				MTL_FAST_MATH = YES;
				SWIFT_COMPILATION_MODE = wholemodule;
			};
			name = Release;
		};
		044B59D32E27FA920008FD0E /* Debug */ = {
			isa = XCBuildConfiguration;
			buildSettings = {
				ASSETCATALOG_COMPILER_APPICON_NAME = AppIcon;
				ASSETCATALOG_COMPILER_GLOBAL_ACCENT_COLOR_NAME = AccentColor;
				CODE_SIGN_ENTITLEMENTS = InvestFlow/InvestFlow.entitlements;
				CODE_SIGN_STYLE = Automatic;
				CURRENT_PROJECT_VERSION = 1;
				DEVELOPMENT_TEAM = F8WCS6733C;
				ENABLE_HARDENED_RUNTIME = YES;
				GENERATE_INFOPLIST_FILE = YES;
				"INFOPLIST_KEY_UIApplicationSceneManifest_Generation[sdk=iphoneos*]" = NO;
				"INFOPLIST_KEY_UIApplicationSceneManifest_Generation[sdk=iphonesimulator*]" = NO;
				"INFOPLIST_KEY_UIApplicationSupportsIndirectInputEvents[sdk=iphoneos*]" = YES;
				"INFOPLIST_KEY_UIApplicationSupportsIndirectInputEvents[sdk=iphonesimulator*]" = YES;
				"INFOPLIST_KEY_UILaunchScreen_Generation[sdk=iphoneos*]" = YES;
				"INFOPLIST_KEY_UILaunchScreen_Generation[sdk=iphonesimulator*]" = YES;
				"INFOPLIST_KEY_UIStatusBarStyle[sdk=iphoneos*]" = UIStatusBarStyleDefault;
				"INFOPLIST_KEY_UIStatusBarStyle[sdk=iphonesimulator*]" = UIStatusBarStyleDefault;
				INFOPLIST_KEY_UISupportedInterfaceOrientations_iPad = "UIInterfaceOrientationPortrait UIInterfaceOrientationPortraitUpsideDown UIInterfaceOrientationLandscapeLeft UIInterfaceOrientationLandscapeRight";
				INFOPLIST_KEY_UISupportedInterfaceOrientations_iPhone = "UIInterfaceOrientationPortrait UIInterfaceOrientationLandscapeLeft UIInterfaceOrientationLandscapeRight";
				IPHONEOS_DEPLOYMENT_TARGET = 17.0;
				LD_RUNPATH_SEARCH_PATHS = "@executable_path/Frameworks";
				"LD_RUNPATH_SEARCH_PATHS[sdk=macosx*]" = "@executable_path/../Frameworks";
				MACOSX_DEPLOYMENT_TARGET = 14.0;
				MARKETING_VERSION = 1.0;
				PRODUCT_BUNDLE_IDENTIFIER = com.sharipov.InvestFlow;
				PRODUCT_NAME = "$(TARGET_NAME)";
				SDKROOT = auto;
				SUPPORTED_PLATFORMS = "iphoneos iphonesimulator macosx";
				SWIFT_EMIT_LOC_STRINGS = YES;
				SWIFT_VERSION = 5.0;
				TARGETED_DEVICE_FAMILY = "1,2";
			};
			name = Debug;
		};
		044B59D42E27FA920008FD0E /* Release */ = {
			isa = XCBuildConfiguration;
			buildSettings = {
				ASSETCATALOG_COMPILER_APPICON_NAME = AppIcon;
				ASSETCATALOG_COMPILER_GLOBAL_ACCENT_COLOR_NAME = AccentColor;
				CODE_SIGN_ENTITLEMENTS = InvestFlow/InvestFlow.entitlements;
				CODE_SIGN_STYLE = Automatic;
				CURRENT_PROJECT_VERSION = 1;
				DEVELOPMENT_TEAM = F8WCS6733C;
				ENABLE_HARDENED_RUNTIME = YES;
				GENERATE_INFOPLIST_FILE = YES;
				"INFOPLIST_KEY_UIApplicationSceneManifest_Generation[sdk=iphoneos*]" = NO;
				"INFOPLIST_KEY_UIApplicationSceneManifest_Generation[sdk=iphonesimulator*]" = NO;
				"INFOPLIST_KEY_UIApplicationSupportsIndirectInputEvents[sdk=iphoneos*]" = YES;
				"INFOPLIST_KEY_UIApplicationSupportsIndirectInputEvents[sdk=iphonesimulator*]" = YES;
				"INFOPLIST_KEY_UILaunchScreen_Generation[sdk=iphoneos*]" = YES;
				"INFOPLIST_KEY_UILaunchScreen_Generation[sdk=iphonesimulator*]" = YES;
				"INFOPLIST_KEY_UIStatusBarStyle[sdk=iphoneos*]" = UIStatusBarStyleDefault;
				"INFOPLIST_KEY_UIStatusBarStyle[sdk=iphonesimulator*]" = UIStatusBarStyleDefault;
				INFOPLIST_KEY_UISupportedInterfaceOrientations_iPad = "UIInterfaceOrientationPortrait UIInterfaceOrientationPortraitUpsideDown UIInterfaceOrientationLandscapeLeft UIInterfaceOrientationLandscapeRight";
				INFOPLIST_KEY_UISupportedInterfaceOrientations_iPhone = "UIInterfaceOrientationPortrait UIInterfaceOrientationLandscapeLeft UIInterfaceOrientationLandscapeRight";
				IPHONEOS_DEPLOYMENT_TARGET = 17.0;
				LD_RUNPATH_SEARCH_PATHS = "@executable_path/Frameworks";
				"LD_RUNPATH_SEARCH_PATHS[sdk=macosx*]" = "@executable_path/../Frameworks";
				MACOSX_DEPLOYMENT_TARGET = 14.0;
				MARKETING_VERSION = 1.0;
				PRODUCT_BUNDLE_IDENTIFIER = com.sharipov.InvestFlow;
				PRODUCT_NAME = "$(TARGET_NAME)";
				SDKROOT = auto;
				SUPPORTED_PLATFORMS = "iphoneos iphonesimulator macosx";
				SWIFT_EMIT_LOC_STRINGS = YES;
				SWIFT_VERSION = 5.0;
				TARGETED_DEVICE_FAMILY = "1,2";
			};
			name = Release;
		};
/* End XCBuildConfiguration section */

/* Begin XCConfigurationList section */
		044B59BE2E27FA910008FD0E /* Build configuration list for PBXProject "InvestFlow" */ = {
			isa = XCConfigurationList;
			buildConfigurations = (
				044B59D02E27FA920008FD0E /* Debug */,
				044B59D12E27FA920008FD0E /* Release */,
			);
			defaultConfigurationIsVisible = 0;
			defaultConfigurationName = Release;
		};
		044B59D22E27FA920008FD0E /* Build configuration list for PBXNativeTarget "InvestFlow" */ = {
			isa = XCConfigurationList;
			buildConfigurations = (
				044B59D32E27FA920008FD0E /* Debug */,
				044B59D42E27FA920008FD0E /* Release */,
			);
			defaultConfigurationIsVisible = 0;
			defaultConfigurationName = Release;
		};
/* End XCConfigurationList section */

/* Begin XCRemoteSwiftPackageReference section */
		044B59D52E27FAB00008FD0E /* XCRemoteSwiftPackageReference "SnapKit" */ = {
			isa = XCRemoteSwiftPackageReference;
			repositoryURL = "https://github.com/SnapKit/SnapKit";
			requirement = {
				kind = upToNextMajorVersion;
				minimumVersion = 5.7.1;
			};
		};
/* End XCRemoteSwiftPackageReference section */

/* Begin XCSwiftPackageProductDependency section */
		044B59D62E27FAB00008FD0E /* SnapKit */ = {
			isa = XCSwiftPackageProductDependency;
			package = 044B59D52E27FAB00008FD0E /* XCRemoteSwiftPackageReference "SnapKit" */;
			productName = SnapKit;
		};
		044B59D82E27FAB00008FD0E /* SnapKit-Dynamic */ = {
			isa = XCSwiftPackageProductDependency;
			package = 044B59D52E27FAB00008FD0E /* XCRemoteSwiftPackageReference "SnapKit" */;
			productName = "SnapKit-Dynamic";
		};
/* End XCSwiftPackageProductDependency section */
	};
	rootObject = 044B59BB2E27FA910008FD0E /* Project object */;
}
